// !$*UTF8*$!
{
	archiveVersion = 1;
	classes = {
	};
	objectVersion = 50;
	objects = {

/* Begin PBXBuildFile section */
		C3CBBF2722D672CB00A8F4E3 /* main.cpp in Sources */ = {isa = PBXBuildFile; fileRef = C3CBBF2622D672CB00A8F4E3 /* main.cpp */; };
		C3CBBF2F22D6739300A8F4E3 /* condition_parser.cpp in Sources */ = {isa = PBXBuildFile; fileRef = C3CBBF2D22D6739300A8F4E3 /* condition_parser.cpp */; };
		C3CBBF3222D673E200A8F4E3 /* token.cpp in Sources */ = {isa = PBXBuildFile; fileRef = C3CBBF3022D673E200A8F4E3 /* token.cpp */; };
		C3CBBF3722D6748500A8F4E3 /* date.cpp in Sources */ = {isa = PBXBuildFile; fileRef = C3CBBF3522D6748500A8F4E3 /* date.cpp */; };
		C3CBBF3A22D674A900A8F4E3 /* database.cpp in Sources */ = {isa = PBXBuildFile; fileRef = C3CBBF3822D674A900A8F4E3 /* database.cpp */; };
		C3CBBF3D22D674C800A8F4E3 /* node.cpp in Sources */ = {isa = PBXBuildFile; fileRef = C3CBBF3B22D674C800A8F4E3 /* node.cpp */; };
		C3CBBF3F22D6764F00A8F4E3 /* condition_parser_test.cpp in Sources */ = {isa = PBXBuildFile; fileRef = C3CBBF3E22D6764F00A8F4E3 /* condition_parser_test.cpp */; };
		C3CBBF4222D6766700A8F4E3 /* test_runner.cpp in Sources */ = {isa = PBXBuildFile; fileRef = C3CBBF4022D6766700A8F4E3 /* test_runner.cpp */; };
/* End PBXBuildFile section */

/* Begin PBXCopyFilesBuildPhase section */
		C3CBBF2122D672CB00A8F4E3 /* CopyFiles */ = {
			isa = PBXCopyFilesBuildPhase;
			buildActionMask = 2147483647;
			dstPath = /usr/share/man/man1/;
			dstSubfolderSpec = 0;
			files = (
			);
			runOnlyForDeploymentPostprocessing = 1;
		};
/* End PBXCopyFilesBuildPhase section */

/* Begin PBXFileReference section */
		C3CBBF2322D672CB00A8F4E3 /* Final 2 */ = {isa = PBXFileReference; explicitFileType = "compiled.mach-o.executable"; includeInIndex = 0; path = "Final 2"; sourceTree = BUILT_PRODUCTS_DIR; };
		C3CBBF2622D672CB00A8F4E3 /* main.cpp */ = {isa = PBXFileReference; lastKnownFileType = sourcecode.cpp.cpp; path = main.cpp; sourceTree = "<group>"; };
		C3CBBF2D22D6739300A8F4E3 /* condition_parser.cpp */ = {isa = PBXFileReference; lastKnownFileType = sourcecode.cpp.cpp; path = condition_parser.cpp; sourceTree = "<group>"; };
		C3CBBF2E22D6739300A8F4E3 /* condition_parser.h */ = {isa = PBXFileReference; lastKnownFileType = sourcecode.c.h; path = condition_parser.h; sourceTree = "<group>"; };
		C3CBBF3022D673E200A8F4E3 /* token.cpp */ = {isa = PBXFileReference; lastKnownFileType = sourcecode.cpp.cpp; path = token.cpp; sourceTree = "<group>"; };
		C3CBBF3122D673E200A8F4E3 /* token.h */ = {isa = PBXFileReference; lastKnownFileType = sourcecode.c.h; path = token.h; sourceTree = "<group>"; };
		C3CBBF3522D6748500A8F4E3 /* date.cpp */ = {isa = PBXFileReference; lastKnownFileType = sourcecode.cpp.cpp; path = date.cpp; sourceTree = "<group>"; };
		C3CBBF3622D6748500A8F4E3 /* date.h */ = {isa = PBXFileReference; lastKnownFileType = sourcecode.c.h; path = date.h; sourceTree = "<group>"; };
		C3CBBF3822D674A900A8F4E3 /* database.cpp */ = {isa = PBXFileReference; lastKnownFileType = sourcecode.cpp.cpp; path = database.cpp; sourceTree = "<group>"; };
		C3CBBF3922D674A900A8F4E3 /* database.h */ = {isa = PBXFileReference; lastKnownFileType = sourcecode.c.h; path = database.h; sourceTree = "<group>"; };
		C3CBBF3B22D674C800A8F4E3 /* node.cpp */ = {isa = PBXFileReference; lastKnownFileType = sourcecode.cpp.cpp; path = node.cpp; sourceTree = "<group>"; };
		C3CBBF3C22D674C800A8F4E3 /* node.h */ = {isa = PBXFileReference; lastKnownFileType = sourcecode.c.h; path = node.h; sourceTree = "<group>"; };
		C3CBBF3E22D6764F00A8F4E3 /* condition_parser_test.cpp */ = {isa = PBXFileReference; fileEncoding = 4; lastKnownFileType = sourcecode.cpp.cpp; path = condition_parser_test.cpp; sourceTree = "<group>"; };
		C3CBBF4022D6766700A8F4E3 /* test_runner.cpp */ = {isa = PBXFileReference; lastKnownFileType = sourcecode.cpp.cpp; path = test_runner.cpp; sourceTree = "<group>"; };
		C3CBBF4122D6766700A8F4E3 /* test_runner.h */ = {isa = PBXFileReference; lastKnownFileType = sourcecode.c.h; path = test_runner.h; sourceTree = "<group>"; };
/* End PBXFileReference section */

/* Begin PBXFrameworksBuildPhase section */
		C3CBBF2022D672CB00A8F4E3 /* Frameworks */ = {
			isa = PBXFrameworksBuildPhase;
			buildActionMask = 2147483647;
			files = (
			);
			runOnlyForDeploymentPostprocessing = 0;
		};
/* End PBXFrameworksBuildPhase section */

/* Begin PBXGroup section */
		C3CBBF1A22D672CB00A8F4E3 = {
			isa = PBXGroup;
			children = (
				C3CBBF2522D672CB00A8F4E3 /* Final 2 */,
				C3CBBF2422D672CB00A8F4E3 /* Products */,
			);
			sourceTree = "<group>";
		};
		C3CBBF2422D672CB00A8F4E3 /* Products */ = {
			isa = PBXGroup;
			children = (
				C3CBBF2322D672CB00A8F4E3 /* Final 2 */,
			);
			name = Products;
			sourceTree = "<group>";
		};
		C3CBBF2522D672CB00A8F4E3 /* Final 2 */ = {
			isa = PBXGroup;
			children = (
				C3CBBF2622D672CB00A8F4E3 /* main.cpp */,
				C3CBBF3E22D6764F00A8F4E3 /* condition_parser_test.cpp */,
				C3CBBF2D22D6739300A8F4E3 /* condition_parser.cpp */,
				C3CBBF2E22D6739300A8F4E3 /* condition_parser.h */,
				C3CBBF3022D673E200A8F4E3 /* token.cpp */,
				C3CBBF3122D673E200A8F4E3 /* token.h */,
				C3CBBF3522D6748500A8F4E3 /* date.cpp */,
				C3CBBF3622D6748500A8F4E3 /* date.h */,
				C3CBBF3822D674A900A8F4E3 /* database.cpp */,
				C3CBBF3922D674A900A8F4E3 /* database.h */,
				C3CBBF3B22D674C800A8F4E3 /* node.cpp */,
				C3CBBF3C22D674C800A8F4E3 /* node.h */,
				C3CBBF4022D6766700A8F4E3 /* test_runner.cpp */,
				C3CBBF4122D6766700A8F4E3 /* test_runner.h */,
			);
			path = "Final 2";
			sourceTree = "<group>";
		};
/* End PBXGroup section */

/* Begin PBXNativeTarget section */
		C3CBBF2222D672CB00A8F4E3 /* Final 2 */ = {
			isa = PBXNativeTarget;
			buildConfigurationList = C3CBBF2A22D672CB00A8F4E3 /* Build configuration list for PBXNativeTarget "Final 2" */;
			buildPhases = (
				C3CBBF1F22D672CB00A8F4E3 /* Sources */,
				C3CBBF2022D672CB00A8F4E3 /* Frameworks */,
				C3CBBF2122D672CB00A8F4E3 /* CopyFiles */,
			);
			buildRules = (
			);
			dependencies = (
			);
			name = "Final 2";
			productName = "Final 2";
			productReference = C3CBBF2322D672CB00A8F4E3 /* Final 2 */;
			productType = "com.apple.product-type.tool";
		};
/* End PBXNativeTarget section */

/* Begin PBXProject section */
		C3CBBF1B22D672CB00A8F4E3 /* Project object */ = {
			isa = PBXProject;
			attributes = {
				LastUpgradeCheck = 1020;
				ORGANIZATIONNAME = "Екатерина Кузина";
				TargetAttributes = {
					C3CBBF2222D672CB00A8F4E3 = {
						CreatedOnToolsVersion = 10.2.1;
					};
				};
			};
			buildConfigurationList = C3CBBF1E22D672CB00A8F4E3 /* Build configuration list for PBXProject "Final 2" */;
			compatibilityVersion = "Xcode 9.3";
			developmentRegion = en;
			hasScannedForEncodings = 0;
			knownRegions = (
				en,
			);
			mainGroup = C3CBBF1A22D672CB00A8F4E3;
			productRefGroup = C3CBBF2422D672CB00A8F4E3 /* Products */;
			projectDirPath = "";
			projectRoot = "";
			targets = (
				C3CBBF2222D672CB00A8F4E3 /* Final 2 */,
			);
		};
/* End PBXProject section */

/* Begin PBXSourcesBuildPhase section */
		C3CBBF1F22D672CB00A8F4E3 /* Sources */ = {
			isa = PBXSourcesBuildPhase;
			buildActionMask = 2147483647;
			files = (
				C3CBBF2F22D6739300A8F4E3 /* condition_parser.cpp in Sources */,
				C3CBBF4222D6766700A8F4E3 /* test_runner.cpp in Sources */,
				C3CBBF3A22D674A900A8F4E3 /* database.cpp in Sources */,
				C3CBBF2722D672CB00A8F4E3 /* main.cpp in Sources */,
				C3CBBF3D22D674C800A8F4E3 /* node.cpp in Sources */,
				C3CBBF3F22D6764F00A8F4E3 /* condition_parser_test.cpp in Sources */,
				C3CBBF3722D6748500A8F4E3 /* date.cpp in Sources */,
				C3CBBF3222D673E200A8F4E3 /* token.cpp in Sources */,
			);
			runOnlyForDeploymentPostprocessing = 0;
		};
/* End PBXSourcesBuildPhase section */

/* Begin XCBuildConfiguration section */
		C3CBBF2822D672CB00A8F4E3 /* Debug */ = {
			isa = XCBuildConfiguration;
			buildSettings = {
				ALWAYS_SEARCH_USER_PATHS = NO;
				CLANG_ANALYZER_NONNULL = YES;
				CLANG_ANALYZER_NUMBER_OBJECT_CONVERSION = YES_AGGRESSIVE;
				CLANG_CXX_LANGUAGE_STANDARD = "gnu++14";
				CLANG_CXX_LIBRARY = "libc++";
				CLANG_ENABLE_MODULES = YES;
				CLANG_ENABLE_OBJC_ARC = YES;
				CLANG_ENABLE_OBJC_WEAK = YES;
				CLANG_WARN_BLOCK_CAPTURE_AUTORELEASING = YES;
				CLANG_WARN_BOOL_CONVERSION = YES;
				CLANG_WARN_COMMA = YES;
				CLANG_WARN_CONSTANT_CONVERSION = YES;
				CLANG_WARN_DEPRECATED_OBJC_IMPLEMENTATIONS = YES;
				CLANG_WARN_DIRECT_OBJC_ISA_USAGE = YES_ERROR;
				CLANG_WARN_DOCUMENTATION_COMMENTS = YES;
				CLANG_WARN_EMPTY_BODY = YES;
				CLANG_WARN_ENUM_CONVERSION = YES;
				CLANG_WARN_INFINITE_RECURSION = YES;
				CLANG_WARN_INT_CONVERSION = YES;
				CLANG_WARN_NON_LITERAL_NULL_CONVERSION = YES;
				CLANG_WARN_OBJC_IMPLICIT_RETAIN_SELF = YES;
				CLANG_WARN_OBJC_LITERAL_CONVERSION = YES;
				CLANG_WARN_OBJC_ROOT_CLASS = YES_ERROR;
				CLANG_WARN_RANGE_LOOP_ANALYSIS = YES;
				CLANG_WARN_STRICT_PROTOTYPES = YES;
				CLANG_WARN_SUSPICIOUS_MOVE = YES;
				CLANG_WARN_UNGUARDED_AVAILABILITY = YES_AGGRESSIVE;
				CLANG_WARN_UNREACHABLE_CODE = YES;
				CLANG_WARN__DUPLICATE_METHOD_MATCH = YES;
				CODE_SIGN_IDENTITY = "-";
				COPY_PHASE_STRIP = NO;
				DEBUG_INFORMATION_FORMAT = dwarf;
				ENABLE_STRICT_OBJC_MSGSEND = YES;
				ENABLE_TESTABILITY = YES;
				GCC_C_LANGUAGE_STANDARD = gnu11;
				GCC_DYNAMIC_NO_PIC = NO;
				GCC_NO_COMMON_BLOCKS = YES;
				GCC_OPTIMIZATION_LEVEL = 0;
				GCC_PREPROCESSOR_DEFINITIONS = (
					"DEBUG=1",
					"$(inherited)",
				);
				GCC_WARN_64_TO_32_BIT_CONVERSION = YES;
				GCC_WARN_ABOUT_RETURN_TYPE = YES_ERROR;
				GCC_WARN_UNDECLARED_SELECTOR = YES;
				GCC_WARN_UNINITIALIZED_AUTOS = YES_AGGRESSIVE;
				GCC_WARN_UNUSED_FUNCTION = YES;
				GCC_WARN_UNUSED_VARIABLE = YES;
				MACOSX_DEPLOYMENT_TARGET = 10.14;
				MTL_ENABLE_DEBUG_INFO = INCLUDE_SOURCE;
				MTL_FAST_MATH = YES;
				ONLY_ACTIVE_ARCH = YES;
				SDKROOT = macosx;
			};
			name = Debug;
		};
		C3CBBF2922D672CB00A8F4E3 /* Release */ = {
			isa = XCBuildConfiguration;
			buildSettings = {
				ALWAYS_SEARCH_USER_PATHS = NO;
				CLANG_ANALYZER_NONNULL = YES;
				CLANG_ANALYZER_NUMBER_OBJECT_CONVERSION = YES_AGGRESSIVE;
				CLANG_CXX_LANGUAGE_STANDARD = "gnu++14";
				CLANG_CXX_LIBRARY = "libc++";
				CLANG_ENABLE_MODULES = YES;
				CLANG_ENABLE_OBJC_ARC = YES;
				CLANG_ENABLE_OBJC_WEAK = YES;
				CLANG_WARN_BLOCK_CAPTURE_AUTORELEASING = YES;
				CLANG_WARN_BOOL_CONVERSION = YES;
				CLANG_WARN_COMMA = YES;
				CLANG_WARN_CONSTANT_CONVERSION = YES;
				CLANG_WARN_DEPRECATED_OBJC_IMPLEMENTATIONS = YES;
				CLANG_WARN_DIRECT_OBJC_ISA_USAGE = YES_ERROR;
				CLANG_WARN_DOCUMENTATION_COMMENTS = YES;
				CLANG_WARN_EMPTY_BODY = YES;
				CLANG_WARN_ENUM_CONVERSION = YES;
				CLANG_WARN_INFINITE_RECURSION = YES;
				CLANG_WARN_INT_CONVERSION = YES;
				CLANG_WARN_NON_LITERAL_NULL_CONVERSION = YES;
				CLANG_WARN_OBJC_IMPLICIT_RETAIN_SELF = YES;
				CLANG_WARN_OBJC_LITERAL_CONVERSION = YES;
				CLANG_WARN_OBJC_ROOT_CLASS = YES_ERROR;
				CLANG_WARN_RANGE_LOOP_ANALYSIS = YES;
				CLANG_WARN_STRICT_PROTOTYPES = YES;
				CLANG_WARN_SUSPICIOUS_MOVE = YES;
				CLANG_WARN_UNGUARDED_AVAILABILITY = YES_AGGRESSIVE;
				CLANG_WARN_UNREACHABLE_CODE = YES;
				CLANG_WARN__DUPLICATE_METHOD_MATCH = YES;
				CODE_SIGN_IDENTITY = "-";
				COPY_PHASE_STRIP = NO;
				DEBUG_INFORMATION_FORMAT = "dwarf-with-dsym";
				ENABLE_NS_ASSERTIONS = NO;
				ENABLE_STRICT_OBJC_MSGSEND = YES;
				GCC_C_LANGUAGE_STANDARD = gnu11;
				GCC_NO_COMMON_BLOCKS = YES;
				GCC_WARN_64_TO_32_BIT_CONVERSION = YES;
				GCC_WARN_ABOUT_RETURN_TYPE = YES_ERROR;
				GCC_WARN_UNDECLARED_SELECTOR = YES;
				GCC_WARN_UNINITIALIZED_AUTOS = YES_AGGRESSIVE;
				GCC_WARN_UNUSED_FUNCTION = YES;
				GCC_WARN_UNUSED_VARIABLE = YES;
				MACOSX_DEPLOYMENT_TARGET = 10.14;
				MTL_ENABLE_DEBUG_INFO = NO;
				MTL_FAST_MATH = YES;
				SDKROOT = macosx;
			};
			name = Release;
		};
		C3CBBF2B22D672CB00A8F4E3 /* Debug */ = {
			isa = XCBuildConfiguration;
			buildSettings = {
				CODE_SIGN_STYLE = Automatic;
				PRODUCT_NAME = "$(TARGET_NAME)";
			};
			name = Debug;
		};
		C3CBBF2C22D672CB00A8F4E3 /* Release */ = {
			isa = XCBuildConfiguration;
			buildSettings = {
				CODE_SIGN_STYLE = Automatic;
				PRODUCT_NAME = "$(TARGET_NAME)";
			};
			name = Release;
		};
/* End XCBuildConfiguration section */

/* Begin XCConfigurationList section */
		C3CBBF1E22D672CB00A8F4E3 /* Build configuration list for PBXProject "Final 2" */ = {
			isa = XCConfigurationList;
			buildConfigurations = (
				C3CBBF2822D672CB00A8F4E3 /* Debug */,
				C3CBBF2922D672CB00A8F4E3 /* Release */,
			);
			defaultConfigurationIsVisible = 0;
			defaultConfigurationName = Release;
		};
		C3CBBF2A22D672CB00A8F4E3 /* Build configuration list for PBXNativeTarget "Final 2" */ = {
			isa = XCConfigurationList;
			buildConfigurations = (
				C3CBBF2B22D672CB00A8F4E3 /* Debug */,
				C3CBBF2C22D672CB00A8F4E3 /* Release */,
			);
			defaultConfigurationIsVisible = 0;
			defaultConfigurationName = Release;
		};
/* End XCConfigurationList section */
	};
	rootObject = C3CBBF1B22D672CB00A8F4E3 /* Project object */;
}
